
Microsoft Visual Studio Solution File, Format Version 12.00
# Visual Studio Version 17
VisualStudioVersion = 17.9.34728.123
MinimumVisualStudioVersion = 10.0.40219.1
Project("{9A19103F-16F7-4668-BE54-9A1E7A4F7556}") = "JunimoServer", "JunimoServer\JunimoServer.csproj", "{73F95CD6-9989-441A-95A2-1F4F8BD246F3}"
EndProject
Project("{FAE04EC0-301F-11D3-BF4B-00C04F79EFBC}") = "JunimoServer.Tests", "..\tests\JunimoServer.Tests\JunimoServer.Tests.csproj", "{0FEF6931-B75D-4767-94DC-AA84BB122BDF}"
EndProject
Global
	GlobalSection(SolutionConfigurationPlatforms) = preSolution
		Debug|Any CPU = Debug|Any CPU
		Debug|x64 = Debug|x64
		Debug|x86 = Debug|x86
		Release|Any CPU = Release|Any CPU
		Release|x64 = Release|x64
		Release|x86 = Release|x86
	EndGlobalSection
	GlobalSection(ProjectConfigurationPlatforms) = postSolution
		{73F95CD6-9989-441A-95A2-1F4F8BD246F3}.Debug|Any CPU.ActiveCfg = Debug|Any CPU
		{73F95CD6-9989-441A-95A2-1F4F8BD246F3}.Debug|Any CPU.Build.0 = Debug|Any CPU
		{73F95CD6-9989-441A-95A2-1F4F8BD246F3}.Debug|Any CPU.Deploy.0 = Debug|Any CPU
		{73F95CD6-9989-441A-95A2-1F4F8BD246F3}.Debug|x64.ActiveCfg = Debug|Any CPU
		{73F95CD6-9989-441A-95A2-1F4F8BD246F3}.Debug|x64.Build.0 = Debug|Any CPU
		{73F95CD6-9989-441A-95A2-1F4F8BD246F3}.Debug|x86.ActiveCfg = Debug|Any CPU
		{73F95CD6-9989-441A-95A2-1F4F8BD246F3}.Debug|x86.Build.0 = Debug|Any CPU
		{73F95CD6-9989-441A-95A2-1F4F8BD246F3}.Release|Any CPU.ActiveCfg = Release|Any CPU
		{73F95CD6-9989-441A-95A2-1F4F8BD246F3}.Release|Any CPU.Build.0 = Release|Any CPU
		{73F95CD6-9989-441A-95A2-1F4F8BD246F3}.Release|x64.ActiveCfg = Release|Any CPU
		{73F95CD6-9989-441A-95A2-1F4F8BD246F3}.Release|x64.Build.0 = Release|Any CPU
		{73F95CD6-9989-441A-95A2-1F4F8BD246F3}.Release|x86.ActiveCfg = Release|Any CPU
		{73F95CD6-9989-441A-95A2-1F4F8BD246F3}.Release|x86.Build.0 = Release|Any CPU
		{0FEF6931-B75D-4767-94DC-AA84BB122BDF}.Debug|Any CPU.ActiveCfg = Debug|Any CPU
		{0FEF6931-B75D-4767-94DC-AA84BB122BDF}.Debug|Any CPU.Build.0 = Debug|Any CPU
		{0FEF6931-B75D-4767-94DC-AA84BB122BDF}.Debug|x64.ActiveCfg = Debug|Any CPU
		{0FEF6931-B75D-4767-94DC-AA84BB122BDF}.Debug|x64.Build.0 = Debug|Any CPU
		{0FEF6931-B75D-4767-94DC-AA84BB122BDF}.Debug|x86.ActiveCfg = Debug|Any CPU
		{0FEF6931-B75D-4767-94DC-AA84BB122BDF}.Debug|x86.Build.0 = Debug|Any CPU
		{0FEF6931-B75D-4767-94DC-AA84BB122BDF}.Release|Any CPU.ActiveCfg = Release|Any CPU
		{0FEF6931-B75D-4767-94DC-AA84BB122BDF}.Release|Any CPU.Build.0 = Release|Any CPU
		{0FEF6931-B75D-4767-94DC-AA84BB122BDF}.Release|x64.ActiveCfg = Release|Any CPU
		{0FEF6931-B75D-4767-94DC-AA84BB122BDF}.Release|x64.Build.0 = Release|Any CPU
		{0FEF6931-B75D-4767-94DC-AA84BB122BDF}.Release|x86.ActiveCfg = Release|Any CPU
		{0FEF6931-B75D-4767-94DC-AA84BB122BDF}.Release|x86.Build.0 = Release|Any CPU
	EndGlobalSection
	GlobalSection(SolutionProperties) = preSolution
		HideSolutionNode = FALSE
	EndGlobalSection
	GlobalSection(ExtensibilityGlobals) = postSolution
		SolutionGuid = {4C481B93-8466-4C03-A28F-D29CB3F5BF62}
	EndGlobalSection
EndGlobal
